// !$*UTF8*$!
{
	archiveVersion = 1;
	classes = {
	};
	objectVersion = 50;
	objects = {

/* Begin PBXBuildFile section */
		FE545A2825CA914F0065940C /* AppDelegate.swift in Sources */ = {isa = PBXBuildFile; fileRef = FE545A2725CA914F0065940C /* AppDelegate.swift */; };
		FE545A2A25CA914F0065940C /* SceneDelegate.swift in Sources */ = {isa = PBXBuildFile; fileRef = FE545A2925CA914F0065940C /* SceneDelegate.swift */; };
		FE545A2C25CA914F0065940C /* ViewController.swift in Sources */ = {isa = PBXBuildFile; fileRef = FE545A2B25CA914F0065940C /* ViewController.swift */; };
		FE545A2F25CA914F0065940C /* Main.storyboard in Resources */ = {isa = PBXBuildFile; fileRef = FE545A2D25CA914F0065940C /* Main.storyboard */; };
		FE545A3125CA91510065940C /* Assets.xcassets in Resources */ = {isa = PBXBuildFile; fileRef = FE545A3025CA91510065940C /* Assets.xcassets */; };
		FE545A3425CA91510065940C /* LaunchScreen.storyboard in Resources */ = {isa = PBXBuildFile; fileRef = FE545A3225CA91510065940C /* LaunchScreen.storyboard */; };
		FE545A3F25CA91510065940C /* StrikeCodingTests.swift in Sources */ = {isa = PBXBuildFile; fileRef = FE545A3E25CA91510065940C /* StrikeCodingTests.swift */; };
		FE545A4A25CA91510065940C /* StrikeCodingUITests.swift in Sources */ = {isa = PBXBuildFile; fileRef = FE545A4925CA91510065940C /* StrikeCodingUITests.swift */; };
		FE7287C325CD2EF400812DD1 /* BlockTest.swift in Sources */ = {isa = PBXBuildFile; fileRef = FE7287C225CD2EF400812DD1 /* BlockTest.swift */; };
/* End PBXBuildFile section */

/* Begin PBXContainerItemProxy section */
		FE545A3B25CA91510065940C /* PBXContainerItemProxy */ = {
			isa = PBXContainerItemProxy;
			containerPortal = FE545A1C25CA914F0065940C /* Project object */;
			proxyType = 1;
			remoteGlobalIDString = FE545A2325CA914F0065940C;
			remoteInfo = StrikeCoding;
		};
		FE545A4625CA91510065940C /* PBXContainerItemProxy */ = {
			isa = PBXContainerItemProxy;
			containerPortal = FE545A1C25CA914F0065940C /* Project object */;
			proxyType = 1;
			remoteGlobalIDString = FE545A2325CA914F0065940C;
			remoteInfo = StrikeCoding;
		};
/* End PBXContainerItemProxy section */

/* Begin PBXFileReference section */
		FE545A2425CA914F0065940C /* StrikeCoding.app */ = {isa = PBXFileReference; explicitFileType = wrapper.application; includeInIndex = 0; path = StrikeCoding.app; sourceTree = BUILT_PRODUCTS_DIR; };
		FE545A2725CA914F0065940C /* AppDelegate.swift */ = {isa = PBXFileReference; lastKnownFileType = sourcecode.swift; path = AppDelegate.swift; sourceTree = "<group>"; };
		FE545A2925CA914F0065940C /* SceneDelegate.swift */ = {isa = PBXFileReference; lastKnownFileType = sourcecode.swift; path = SceneDelegate.swift; sourceTree = "<group>"; };
		FE545A2B25CA914F0065940C /* ViewController.swift */ = {isa = PBXFileReference; lastKnownFileType = sourcecode.swift; path = ViewController.swift; sourceTree = "<group>"; };
		FE545A2E25CA914F0065940C /* Base */ = {isa = PBXFileReference; lastKnownFileType = file.storyboard; name = Base; path = Base.lproj/Main.storyboard; sourceTree = "<group>"; };
		FE545A3025CA91510065940C /* Assets.xcassets */ = {isa = PBXFileReference; lastKnownFileType = folder.assetcatalog; path = Assets.xcassets; sourceTree = "<group>"; };
		FE545A3325CA91510065940C /* Base */ = {isa = PBXFileReference; lastKnownFileType = file.storyboard; name = Base; path = Base.lproj/LaunchScreen.storyboard; sourceTree = "<group>"; };
		FE545A3525CA91510065940C /* Info.plist */ = {isa = PBXFileReference; lastKnownFileType = text.plist.xml; path = Info.plist; sourceTree = "<group>"; };
		FE545A3A25CA91510065940C /* StrikeCodingTests.xctest */ = {isa = PBXFileReference; explicitFileType = wrapper.cfbundle; includeInIndex = 0; path = StrikeCodingTests.xctest; sourceTree = BUILT_PRODUCTS_DIR; };
		FE545A3E25CA91510065940C /* StrikeCodingTests.swift */ = {isa = PBXFileReference; lastKnownFileType = sourcecode.swift; path = StrikeCodingTests.swift; sourceTree = "<group>"; };
		FE545A4025CA91510065940C /* Info.plist */ = {isa = PBXFileReference; lastKnownFileType = text.plist.xml; path = Info.plist; sourceTree = "<group>"; };
		FE545A4525CA91510065940C /* StrikeCodingUITests.xctest */ = {isa = PBXFileReference; explicitFileType = wrapper.cfbundle; includeInIndex = 0; path = StrikeCodingUITests.xctest; sourceTree = BUILT_PRODUCTS_DIR; };
		FE545A4925CA91510065940C /* StrikeCodingUITests.swift */ = {isa = PBXFileReference; lastKnownFileType = sourcecode.swift; path = StrikeCodingUITests.swift; sourceTree = "<group>"; };
		FE545A4B25CA91510065940C /* Info.plist */ = {isa = PBXFileReference; lastKnownFileType = text.plist.xml; path = Info.plist; sourceTree = "<group>"; };
		FE7287C225CD2EF400812DD1 /* BlockTest.swift */ = {isa = PBXFileReference; lastKnownFileType = sourcecode.swift; path = BlockTest.swift; sourceTree = "<group>"; };
/* End PBXFileReference section */

/* Begin PBXFrameworksBuildPhase section */
		FE545A2125CA914F0065940C /* Frameworks */ = {
			isa = PBXFrameworksBuildPhase;
			buildActionMask = 2147483647;
			files = (
			);
			runOnlyForDeploymentPostprocessing = 0;
		};
		FE545A3725CA91510065940C /* Frameworks */ = {
			isa = PBXFrameworksBuildPhase;
			buildActionMask = 2147483647;
			files = (
			);
			runOnlyForDeploymentPostprocessing = 0;
		};
		FE545A4225CA91510065940C /* Frameworks */ = {
			isa = PBXFrameworksBuildPhase;
			buildActionMask = 2147483647;
			files = (
			);
			runOnlyForDeploymentPostprocessing = 0;
		};
/* End PBXFrameworksBuildPhase section */

/* Begin PBXGroup section */
		FE545A1B25CA914F0065940C = {
			isa = PBXGroup;
			children = (
				FE545A2625CA914F0065940C /* StrikeCoding */,
				FE545A3D25CA91510065940C /* StrikeCodingTests */,
				FE545A4825CA91510065940C /* StrikeCodingUITests */,
				FE545A2525CA914F0065940C /* Products */,
			);
			sourceTree = "<group>";
		};
		FE545A2525CA914F0065940C /* Products */ = {
			isa = PBXGroup;
			children = (
				FE545A2425CA914F0065940C /* StrikeCoding.app */,
				FE545A3A25CA91510065940C /* StrikeCodingTests.xctest */,
				FE545A4525CA91510065940C /* StrikeCodingUITests.xctest */,
			);
			name = Products;
			sourceTree = "<group>";
		};
		FE545A2625CA914F0065940C /* StrikeCoding */ = {
			isa = PBXGroup;
			children = (
				FE545A2725CA914F0065940C /* AppDelegate.swift */,
				FE545A2925CA914F0065940C /* SceneDelegate.swift */,
				FE545A2B25CA914F0065940C /* ViewController.swift */,
				FE545A2D25CA914F0065940C /* Main.storyboard */,
				FE545A3025CA91510065940C /* Assets.xcassets */,
				FE545A3225CA91510065940C /* LaunchScreen.storyboard */,
				FE545A3525CA91510065940C /* Info.plist */,
				FE7287C225CD2EF400812DD1 /* BlockTest.swift */,
			);
			path = StrikeCoding;
			sourceTree = "<group>";
		};
		FE545A3D25CA91510065940C /* StrikeCodingTests */ = {
			isa = PBXGroup;
			children = (
				FE545A3E25CA91510065940C /* StrikeCodingTests.swift */,
				FE545A4025CA91510065940C /* Info.plist */,
			);
			path = StrikeCodingTests;
			sourceTree = "<group>";
		};
		FE545A4825CA91510065940C /* StrikeCodingUITests */ = {
			isa = PBXGroup;
			children = (
				FE545A4925CA91510065940C /* StrikeCodingUITests.swift */,
				FE545A4B25CA91510065940C /* Info.plist */,
			);
			path = StrikeCodingUITests;
			sourceTree = "<group>";
		};
/* End PBXGroup section */

/* Begin PBXNativeTarget section */
		FE545A2325CA914F0065940C /* StrikeCoding */ = {
			isa = PBXNativeTarget;
			buildConfigurationList = FE545A4E25CA91510065940C /* Build configuration list for PBXNativeTarget "StrikeCoding" */;
			buildPhases = (
				FE545A2025CA914F0065940C /* Sources */,
				FE545A2125CA914F0065940C /* Frameworks */,
				FE545A2225CA914F0065940C /* Resources */,
			);
			buildRules = (
			);
			dependencies = (
			);
			name = StrikeCoding;
			productName = StrikeCoding;
			productReference = FE545A2425CA914F0065940C /* StrikeCoding.app */;
			productType = "com.apple.product-type.application";
		};
		FE545A3925CA91510065940C /* StrikeCodingTests */ = {
			isa = PBXNativeTarget;
			buildConfigurationList = FE545A5125CA91510065940C /* Build configuration list for PBXNativeTarget "StrikeCodingTests" */;
			buildPhases = (
				FE545A3625CA91510065940C /* Sources */,
				FE545A3725CA91510065940C /* Frameworks */,
				FE545A3825CA91510065940C /* Resources */,
			);
			buildRules = (
			);
			dependencies = (
				FE545A3C25CA91510065940C /* PBXTargetDependency */,
			);
			name = StrikeCodingTests;
			productName = StrikeCodingTests;
			productReference = FE545A3A25CA91510065940C /* StrikeCodingTests.xctest */;
			productType = "com.apple.product-type.bundle.unit-test";
		};
		FE545A4425CA91510065940C /* StrikeCodingUITests */ = {
			isa = PBXNativeTarget;
			buildConfigurationList = FE545A5425CA91510065940C /* Build configuration list for PBXNativeTarget "StrikeCodingUITests" */;
			buildPhases = (
				FE545A4125CA91510065940C /* Sources */,
				FE545A4225CA91510065940C /* Frameworks */,
				FE545A4325CA91510065940C /* Resources */,
			);
			buildRules = (
			);
			dependencies = (
				FE545A4725CA91510065940C /* PBXTargetDependency */,
			);
			name = StrikeCodingUITests;
			productName = StrikeCodingUITests;
			productReference = FE545A4525CA91510065940C /* StrikeCodingUITests.xctest */;
			productType = "com.apple.product-type.bundle.ui-testing";
		};
/* End PBXNativeTarget section */

/* Begin PBXProject section */
		FE545A1C25CA914F0065940C /* Project object */ = {
			isa = PBXProject;
			attributes = {
				LastSwiftUpdateCheck = 1230;
				LastUpgradeCheck = 1230;
				TargetAttributes = {
					FE545A2325CA914F0065940C = {
						CreatedOnToolsVersion = 12.3;
					};
					FE545A3925CA91510065940C = {
						CreatedOnToolsVersion = 12.3;
						TestTargetID = FE545A2325CA914F0065940C;
					};
					FE545A4425CA91510065940C = {
						CreatedOnToolsVersion = 12.3;
						TestTargetID = FE545A2325CA914F0065940C;
					};
				};
			};
			buildConfigurationList = FE545A1F25CA914F0065940C /* Build configuration list for PBXProject "StrikeCoding" */;
			compatibilityVersion = "Xcode 9.3";
			developmentRegion = en;
			hasScannedForEncodings = 0;
			knownRegions = (
				en,
				Base,
			);
			mainGroup = FE545A1B25CA914F0065940C;
			productRefGroup = FE545A2525CA914F0065940C /* Products */;
			projectDirPath = "";
			projectRoot = "";
			targets = (
				FE545A2325CA914F0065940C /* StrikeCoding */,
				FE545A3925CA91510065940C /* StrikeCodingTests */,
				FE545A4425CA91510065940C /* StrikeCodingUITests */,
			);
		};
/* End PBXProject section */

/* Begin PBXResourcesBuildPhase section */
		FE545A2225CA914F0065940C /* Resources */ = {
			isa = PBXResourcesBuildPhase;
			buildActionMask = 2147483647;
			files = (
				FE545A3425CA91510065940C /* LaunchScreen.storyboard in Resources */,
				FE545A3125CA91510065940C /* Assets.xcassets in Resources */,
				FE545A2F25CA914F0065940C /* Main.storyboard in Resources */,
			);
			runOnlyForDeploymentPostprocessing = 0;
		};
		FE545A3825CA91510065940C /* Resources */ = {
			isa = PBXResourcesBuildPhase;
			buildActionMask = 2147483647;
			files = (
			);
			runOnlyForDeploymentPostprocessing = 0;
		};
		FE545A4325CA91510065940C /* Resources */ = {
			isa = PBXResourcesBuildPhase;
			buildActionMask = 2147483647;
			files = (
			);
			runOnlyForDeploymentPostprocessing = 0;
		};
/* End PBXResourcesBuildPhase section */

/* Begin PBXSourcesBuildPhase section */
		FE545A2025CA914F0065940C /* Sources */ = {
			isa = PBXSourcesBuildPhase;
			buildActionMask = 2147483647;
			files = (
				FE545A2C25CA914F0065940C /* ViewController.swift in Sources */,
				FE7287C325CD2EF400812DD1 /* BlockTest.swift in Sources */,
				FE545A2825CA914F0065940C /* AppDelegate.swift in Sources */,
				FE545A2A25CA914F0065940C /* SceneDelegate.swift in Sources */,
			);
			runOnlyForDeploymentPostprocessing = 0;
		};
		FE545A3625CA91510065940C /* Sources */ = {
			isa = PBXSourcesBuildPhase;
			buildActionMask = 2147483647;
			files = (
				FE545A3F25CA91510065940C /* StrikeCodingTests.swift in Sources */,
			);
			runOnlyForDeploymentPostprocessing = 0;
		};
		FE545A4125CA91510065940C /* Sources */ = {
			isa = PBXSourcesBuildPhase;
			buildActionMask = 2147483647;
			files = (
				FE545A4A25CA91510065940C /* StrikeCodingUITests.swift in Sources */,
			);
			runOnlyForDeploymentPostprocessing = 0;
		};
/* End PBXSourcesBuildPhase section */

/* Begin PBXTargetDependency section */
		FE545A3C25CA91510065940C /* PBXTargetDependency */ = {
			isa = PBXTargetDependency;
			target = FE545A2325CA914F0065940C /* StrikeCoding */;
			targetProxy = FE545A3B25CA91510065940C /* PBXContainerItemProxy */;
		};
		FE545A4725CA91510065940C /* PBXTargetDependency */ = {
			isa = PBXTargetDependency;
			target = FE545A2325CA914F0065940C /* StrikeCoding */;
			targetProxy = FE545A4625CA91510065940C /* PBXContainerItemProxy */;
		};
/* End PBXTargetDependency section */

/* Begin PBXVariantGroup section */
		FE545A2D25CA914F0065940C /* Main.storyboard */ = {
			isa = PBXVariantGroup;
			children = (
				FE545A2E25CA914F0065940C /* Base */,
			);
			name = Main.storyboard;
			sourceTree = "<group>";
		};
		FE545A3225CA91510065940C /* LaunchScreen.storyboard */ = {
			isa = PBXVariantGroup;
			children = (
				FE545A3325CA91510065940C /* Base */,
			);
			name = LaunchScreen.storyboard;
			sourceTree = "<group>";
		};
/* End PBXVariantGroup section */

/* Begin XCBuildConfiguration section */
		FE545A4C25CA91510065940C /* Debug */ = {
			isa = XCBuildConfiguration;
			buildSettings = {
				ALWAYS_SEARCH_USER_PATHS = NO;
				CLANG_ANALYZER_NONNULL = YES;
				CLANG_ANALYZER_NUMBER_OBJECT_CONVERSION = YES_AGGRESSIVE;
				CLANG_CXX_LANGUAGE_STANDARD = "gnu++14";
				CLANG_CXX_LIBRARY = "libc++";
				CLANG_ENABLE_MODULES = YES;
				CLANG_ENABLE_OBJC_ARC = YES;
				CLANG_ENABLE_OBJC_WEAK = YES;
				CLANG_WARN_BLOCK_CAPTURE_AUTORELEASING = YES;
				CLANG_WARN_BOOL_CONVERSION = YES;
				CLANG_WARN_COMMA = YES;
				CLANG_WARN_CONSTANT_CONVERSION = YES;
				CLANG_WARN_DEPRECATED_OBJC_IMPLEMENTATIONS = YES;
				CLANG_WARN_DIRECT_OBJC_ISA_USAGE = YES_ERROR;
				CLANG_WARN_DOCUMENTATION_COMMENTS = YES;
				CLANG_WARN_EMPTY_BODY = YES;
				CLANG_WARN_ENUM_CONVERSION = YES;
				CLANG_WARN_INFINITE_RECURSION = YES;
				CLANG_WARN_INT_CONVERSION = YES;
				CLANG_WARN_NON_LITERAL_NULL_CONVERSION = YES;
				CLANG_WARN_OBJC_IMPLICIT_RETAIN_SELF = YES;
				CLANG_WARN_OBJC_LITERAL_CONVERSION = YES;
				CLANG_WARN_OBJC_ROOT_CLASS = YES_ERROR;
				CLANG_WARN_QUOTED_INCLUDE_IN_FRAMEWORK_HEADER = YES;
				CLANG_WARN_RANGE_LOOP_ANALYSIS = YES;
				CLANG_WARN_STRICT_PROTOTYPES = YES;
				CLANG_WARN_SUSPICIOUS_MOVE = YES;
				CLANG_WARN_UNGUARDED_AVAILABILITY = YES_AGGRESSIVE;
				CLANG_WARN_UNREACHABLE_CODE = YES;
				CLANG_WARN__DUPLICATE_METHOD_MATCH = YES;
				COPY_PHASE_STRIP = NO;
				DEBUG_INFORMATION_FORMAT = dwarf;
				ENABLE_STRICT_OBJC_MSGSEND = YES;
				ENABLE_TESTABILITY = YES;
				GCC_C_LANGUAGE_STANDARD = gnu11;
				GCC_DYNAMIC_NO_PIC = NO;
				GCC_NO_COMMON_BLOCKS = YES;
				GCC_OPTIMIZATION_LEVEL = 0;
				GCC_PREPROCESSOR_DEFINITIONS = (
					"DEBUG=1",
					"$(inherited)",
				);
				GCC_WARN_64_TO_32_BIT_CONVERSION = YES;
				GCC_WARN_ABOUT_RETURN_TYPE = YES_ERROR;
				GCC_WARN_UNDECLARED_SELECTOR = YES;
				GCC_WARN_UNINITIALIZED_AUTOS = YES_AGGRESSIVE;
				GCC_WARN_UNUSED_FUNCTION = YES;
				GCC_WARN_UNUSED_VARIABLE = YES;
				IPHONEOS_DEPLOYMENT_TARGET = 14.3;
				MTL_ENABLE_DEBUG_INFO = INCLUDE_SOURCE;
				MTL_FAST_MATH = YES;
				ONLY_ACTIVE_ARCH = YES;
				SDKROOT = iphoneos;
				SWIFT_ACTIVE_COMPILATION_CONDITIONS = DEBUG;
				SWIFT_OPTIMIZATION_LEVEL = "-Onone";
			};
			name = Debug;
		};
		FE545A4D25CA91510065940C /* Release */ = {
			isa = XCBuildConfiguration;
			buildSettings = {
				ALWAYS_SEARCH_USER_PATHS = NO;
				CLANG_ANALYZER_NONNULL = YES;
				CLANG_ANALYZER_NUMBER_OBJECT_CONVERSION = YES_AGGRESSIVE;
				CLANG_CXX_LANGUAGE_STANDARD = "gnu++14";
				CLANG_CXX_LIBRARY = "libc++";
				CLANG_ENABLE_MODULES = YES;
				CLANG_ENABLE_OBJC_ARC = YES;
				CLANG_ENABLE_OBJC_WEAK = YES;
				CLANG_WARN_BLOCK_CAPTURE_AUTORELEASING = YES;
				CLANG_WARN_BOOL_CONVERSION = YES;
				CLANG_WARN_COMMA = YES;
				CLANG_WARN_CONSTANT_CONVERSION = YES;
				CLANG_WARN_DEPRECATED_OBJC_IMPLEMENTATIONS = YES;
				CLANG_WARN_DIRECT_OBJC_ISA_USAGE = YES_ERROR;
				CLANG_WARN_DOCUMENTATION_COMMENTS = YES;
				CLANG_WARN_EMPTY_BODY = YES;
				CLANG_WARN_ENUM_CONVERSION = YES;
				CLANG_WARN_INFINITE_RECURSION = YES;
				CLANG_WARN_INT_CONVERSION = YES;
				CLANG_WARN_NON_LITERAL_NULL_CONVERSION = YES;
				CLANG_WARN_OBJC_IMPLICIT_RETAIN_SELF = YES;
				CLANG_WARN_OBJC_LITERAL_CONVERSION = YES;
				CLANG_WARN_OBJC_ROOT_CLASS = YES_ERROR;
				CLANG_WARN_QUOTED_INCLUDE_IN_FRAMEWORK_HEADER = YES;
				CLANG_WARN_RANGE_LOOP_ANALYSIS = YES;
				CLANG_WARN_STRICT_PROTOTYPES = YES;
				CLANG_WARN_SUSPICIOUS_MOVE = YES;
				CLANG_WARN_UNGUARDED_AVAILABILITY = YES_AGGRESSIVE;
				CLANG_WARN_UNREACHABLE_CODE = YES;
				CLANG_WARN__DUPLICATE_METHOD_MATCH = YES;
				COPY_PHASE_STRIP = NO;
				DEBUG_INFORMATION_FORMAT = "dwarf-with-dsym";
				ENABLE_NS_ASSERTIONS = NO;
				ENABLE_STRICT_OBJC_MSGSEND = YES;
				GCC_C_LANGUAGE_STANDARD = gnu11;
				GCC_NO_COMMON_BLOCKS = YES;
				GCC_WARN_64_TO_32_BIT_CONVERSION = YES;
				GCC_WARN_ABOUT_RETURN_TYPE = YES_ERROR;
				GCC_WARN_UNDECLARED_SELECTOR = YES;
				GCC_WARN_UNINITIALIZED_AUTOS = YES_AGGRESSIVE;
				GCC_WARN_UNUSED_FUNCTION = YES;
				GCC_WARN_UNUSED_VARIABLE = YES;
				IPHONEOS_DEPLOYMENT_TARGET = 14.3;
				MTL_ENABLE_DEBUG_INFO = NO;
				MTL_FAST_MATH = YES;
				SDKROOT = iphoneos;
				SWIFT_COMPILATION_MODE = wholemodule;
				SWIFT_OPTIMIZATION_LEVEL = "-O";
				VALIDATE_PRODUCT = YES;
			};
			name = Release;
		};
		FE545A4F25CA91510065940C /* Debug */ = {
			isa = XCBuildConfiguration;
			buildSettings = {
				ASSETCATALOG_COMPILER_APPICON_NAME = AppIcon;
				ASSETCATALOG_COMPILER_GLOBAL_ACCENT_COLOR_NAME = AccentColor;
				CODE_SIGN_STYLE = Automatic;
				INFOPLIST_FILE = StrikeCoding/Info.plist;
				LD_RUNPATH_SEARCH_PATHS = (
					"$(inherited)",
					"@executable_path/Frameworks",
				);
				PRODUCT_BUNDLE_IDENTIFIER = com.liang.zhong.StrikeCoding;
				PRODUCT_NAME = "$(TARGET_NAME)";
				SWIFT_VERSION = 5.0;
				TARGETED_DEVICE_FAMILY = "1,2";
			};
			name = Debug;
		};
		FE545A5025CA91510065940C /* Release */ = {
			isa = XCBuildConfiguration;
			buildSettings = {
				ASSETCATALOG_COMPILER_APPICON_NAME = AppIcon;
				ASSETCATALOG_COMPILER_GLOBAL_ACCENT_COLOR_NAME = AccentColor;
				CODE_SIGN_STYLE = Automatic;
				INFOPLIST_FILE = StrikeCoding/Info.plist;
				LD_RUNPATH_SEARCH_PATHS = (
					"$(inherited)",
					"@executable_path/Frameworks",
				);
				PRODUCT_BUNDLE_IDENTIFIER = com.liang.zhong.StrikeCoding;
				PRODUCT_NAME = "$(TARGET_NAME)";
				SWIFT_VERSION = 5.0;
				TARGETED_DEVICE_FAMILY = "1,2";
			};
			name = Release;
		};
		FE545A5225CA91510065940C /* Debug */ = {
			isa = XCBuildConfiguration;
			buildSettings = {
				ALWAYS_EMBED_SWIFT_STANDARD_LIBRARIES = YES;
				BUNDLE_LOADER = "$(TEST_HOST)";
				CODE_SIGN_STYLE = Automatic;
				INFOPLIST_FILE = StrikeCodingTests/Info.plist;
				IPHONEOS_DEPLOYMENT_TARGET = 14.3;
				LD_RUNPATH_SEARCH_PATHS = (
					"$(inherited)",
					"@executable_path/Frameworks",
					"@loader_path/Frameworks",
				);
				PRODUCT_BUNDLE_IDENTIFIER = com.liang.zhong.StrikeCodingTests;
				PRODUCT_NAME = "$(TARGET_NAME)";
				SWIFT_VERSION = 5.0;
				TARGETED_DEVICE_FAMILY = "1,2";
				TEST_HOST = "$(BUILT_PRODUCTS_DIR)/StrikeCoding.app/StrikeCoding";
			};
			name = Debug;
		};
		FE545A5325CA91510065940C /* Release */ = {
			isa = XCBuildConfiguration;
			buildSettings = {
				ALWAYS_EMBED_SWIFT_STANDARD_LIBRARIES = YES;
				BUNDLE_LOADER = "$(TEST_HOST)";
				CODE_SIGN_STYLE = Automatic;
				INFOPLIST_FILE = StrikeCodingTests/Info.plist;
				IPHONEOS_DEPLOYMENT_TARGET = 14.3;
				LD_RUNPATH_SEARCH_PATHS = (
					"$(inherited)",
					"@executable_path/Frameworks",
					"@loader_path/Frameworks",
				);
				PRODUCT_BUNDLE_IDENTIFIER = com.liang.zhong.StrikeCodingTests;
				PRODUCT_NAME = "$(TARGET_NAME)";
				SWIFT_VERSION = 5.0;
				TARGETED_DEVICE_FAMILY = "1,2";
				TEST_HOST = "$(BUILT_PRODUCTS_DIR)/StrikeCoding.app/StrikeCoding";
			};
			name = Release;
		};
		FE545A5525CA91510065940C /* Debug */ = {
			isa = XCBuildConfiguration;
			buildSettings = {
				ALWAYS_EMBED_SWIFT_STANDARD_LIBRARIES = YES;
				CODE_SIGN_STYLE = Automatic;
				INFOPLIST_FILE = StrikeCodingUITests/Info.plist;
				LD_RUNPATH_SEARCH_PATHS = (
					"$(inherited)",
					"@executable_path/Frameworks",
					"@loader_path/Frameworks",
				);
				PRODUCT_BUNDLE_IDENTIFIER = com.liang.zhong.StrikeCodingUITests;
				PRODUCT_NAME = "$(TARGET_NAME)";
				SWIFT_VERSION = 5.0;
				TARGETED_DEVICE_FAMILY = "1,2";
				TEST_TARGET_NAME = StrikeCoding;
			};
			name = Debug;
		};
		FE545A5625CA91510065940C /* Release */ = {
			isa = XCBuildConfiguration;
			buildSettings = {
				ALWAYS_EMBED_SWIFT_STANDARD_LIBRARIES = YES;
				CODE_SIGN_STYLE = Automatic;
				INFOPLIST_FILE = StrikeCodingUITests/Info.plist;
				LD_RUNPATH_SEARCH_PATHS = (
					"$(inherited)",
					"@executable_path/Frameworks",
					"@loader_path/Frameworks",
				);
				PRODUCT_BUNDLE_IDENTIFIER = com.liang.zhong.StrikeCodingUITests;
				PRODUCT_NAME = "$(TARGET_NAME)";
				SWIFT_VERSION = 5.0;
				TARGETED_DEVICE_FAMILY = "1,2";
				TEST_TARGET_NAME = StrikeCoding;
			};
			name = Release;
		};
/* End XCBuildConfiguration section */

/* Begin XCConfigurationList section */
		FE545A1F25CA914F0065940C /* Build configuration list for PBXProject "StrikeCoding" */ = {
			isa = XCConfigurationList;
			buildConfigurations = (
				FE545A4C25CA91510065940C /* Debug */,
				FE545A4D25CA91510065940C /* Release */,
			);
			defaultConfigurationIsVisible = 0;
			defaultConfigurationName = Release;
		};
		FE545A4E25CA91510065940C /* Build configuration list for PBXNativeTarget "StrikeCoding" */ = {
			isa = XCConfigurationList;
			buildConfigurations = (
				FE545A4F25CA91510065940C /* Debug */,
				FE545A5025CA91510065940C /* Release */,
			);
			defaultConfigurationIsVisible = 0;
			defaultConfigurationName = Release;
		};
		FE545A5125CA91510065940C /* Build configuration list for PBXNativeTarget "StrikeCodingTests" */ = {
			isa = XCConfigurationList;
			buildConfigurations = (
				FE545A5225CA91510065940C /* Debug */,
				FE545A5325CA91510065940C /* Release */,
			);
			defaultConfigurationIsVisible = 0;
			defaultConfigurationName = Release;
		};
		FE545A5425CA91510065940C /* Build configuration list for PBXNativeTarget "StrikeCodingUITests" */ = {
			isa = XCConfigurationList;
			buildConfigurations = (
				FE545A5525CA91510065940C /* Debug */,
				FE545A5625CA91510065940C /* Release */,
			);
			defaultConfigurationIsVisible = 0;
			defaultConfigurationName = Release;
		};
/* End XCConfigurationList section */
	};
	rootObject = FE545A1C25CA914F0065940C /* Project object */;
}
